
Microsoft Visual Studio Solution File, Format Version 12.00
Project("{FAE04EC0-301F-11D3-BF4B-00C04F79EFBC}") = "MyApiV2", "MyApiV2\MyApiV2.csproj", "{1DB904F5-DA55-4D6D-8CF5-36124F35D636}"
EndProject
Global
	GlobalSection(SolutionConfigurationPlatforms) = preSolution
		Debug|Any CPU = Debug|Any CPU
		Release|Any CPU = Release|Any CPU
	EndGlobalSection
	GlobalSection(ProjectConfigurationPlatforms) = postSolution
		{1DB904F5-DA55-4D6D-8CF5-36124F35D636}.Debug|Any CPU.ActiveCfg = Debug|Any CPU
		{1DB904F5-DA55-4D6D-8CF5-36124F35D636}.Debug|Any CPU.Build.0 = Debug|Any CPU
		{1DB904F5-DA55-4D6D-8CF5-36124F35D636}.Release|Any CPU.ActiveCfg = Release|Any CPU
		{1DB904F5-DA55-4D6D-8CF5-36124F35D636}.Release|Any CPU.Build.0 = Release|Any CPU
	EndGlobalSection
EndGlobal
